{
  "version": 4,
  "terraform_version": "1.10.4",
  "serial": 5,
  "lineage": "d7e62be4-cc0d-cd3b-75ff-3d95ef3e57f6",
  "outputs": {},
  "resources": [
    {
      "mode": "managed",
      "type": "azurerm_resource_group",
      "name": "rg",
      "provider": "provider[\"registry.terraform.io/hashicorp/azurerm\"]",
      "instances": [
        {
          "schema_version": 0,
          "attributes": {
            "id": "/subscriptions/bf6f3448-47b0-4614-82d2-edabccde85c4/resourceGroups/testing",
            "location": "westeurope",
            "managed_by": "",
            "name": "testing",
            "tags": {
              "environment": "Production",
              "owner": "demo@gmail.com",
              "source": "test"
            },
            "timeouts": null
          },
          "sensitive_attributes": [],
          "private": "eyJlMmJmYjczMC1lY2FhLTExZTYtOGY4OC0zNDM2M2JjN2M0YzAiOnsiY3JlYXRlIjo1NDAwMDAwMDAwMDAwLCJkZWxldGUiOjU0MDAwMDAwMDAwMDAsInJlYWQiOjMwMDAwMDAwMDAwMCwidXBkYXRlIjo1NDAwMDAwMDAwMDAwfX0="
        }
      ]
    }
  ],
  "check_results": null
}
